// !$*UTF8*$!
{
	archiveVersion = 1;
	classes = {
	};
	objectVersion = 55;
	objects = {

/* Begin PBXFileReference section */
		EAAD752D276AEF160007C54C /* index.js */ = {isa = PBXFileReference; lastKnownFileType = sourcecode.javascript; path = index.js; sourceTree = "<group>"; };
		EAAD752E276AEF470007C54C /* package.json */ = {isa = PBXFileReference; lastKnownFileType = text.json; path = package.json; sourceTree = "<group>"; };
		EAAD752F276AEF6B0007C54C /* war-of-the-spark.json */ = {isa = PBXFileReference; lastKnownFileType = text.json; path = "war-of-the-spark.json"; sourceTree = "<group>"; };
/* End PBXFileReference section */

/* Begin PBXGroup section */
		EAAD7526276AEEBE0007C54C = {
			isa = PBXGroup;
			children = (
				EAAD7531276AF0A10007C54C /* sets */,
				EAAD752E276AEF470007C54C /* package.json */,
				EAAD752D276AEF160007C54C /* index.js */,
			);
			sourceTree = "<group>";
		};
		EAAD7531276AF0A10007C54C /* sets */ = {
			isa = PBXGroup;
			children = (
				EAAD752F276AEF6B0007C54C /* war-of-the-spark.json */,
			);
			path = sets;
			sourceTree = "<group>";
		};
/* End PBXGroup section */

/* Begin PBXProject section */
		EAAD7527276AEEBE0007C54C /* Project object */ = {
			isa = PBXProject;
			attributes = {
				BuildIndependentTargetsInParallel = 1;
				LastUpgradeCheck = 1320;
			};
			buildConfigurationList = EAAD752A276AEEBE0007C54C /* Build configuration list for PBXProject "magic-ai" */;
			compatibilityVersion = "Xcode 13.0";
			developmentRegion = en;
			hasScannedForEncodings = 0;
			knownRegions = (
				en,
				Base,
			);
			mainGroup = EAAD7526276AEEBE0007C54C;
			projectDirPath = "";
			projectRoot = "";
			targets = (
			);
		};
/* End PBXProject section */

/* Begin XCBuildConfiguration section */
		EAAD752B276AEEBE0007C54C /* Debug */ = {
			isa = XCBuildConfiguration;
			buildSettings = {
			};
			name = Debug;
		};
		EAAD752C276AEEBE0007C54C /* Release */ = {
			isa = XCBuildConfiguration;
			buildSettings = {
			};
			name = Release;
		};
/* End XCBuildConfiguration section */

/* Begin XCConfigurationList section */
		EAAD752A276AEEBE0007C54C /* Build configuration list for PBXProject "magic-ai" */ = {
			isa = XCConfigurationList;
			buildConfigurations = (
				EAAD752B276AEEBE0007C54C /* Debug */,
				EAAD752C276AEEBE0007C54C /* Release */,
			);
			defaultConfigurationIsVisible = 0;
			defaultConfigurationName = Release;
		};
/* End XCConfigurationList section */
	};
	rootObject = EAAD7527276AEEBE0007C54C /* Project object */;
}
